
Microsoft Visual Studio Solution File, Format Version 12.00
# Visual Studio Version 17
VisualStudioVersion = 17.4.33103.184
MinimumVisualStudioVersion = 10.0.40219.1
Project("{FAE04EC0-301F-11D3-BF4B-00C04F79EFBC}") = "Weather", "Weather\Weather.csproj", "{F4DAD436-04E7-40F0-B2C0-F9A000BA2F99}"
EndProject
Global
	GlobalSection(SolutionConfigurationPlatforms) = preSolution
		Debug|Any CPU = Debug|Any CPU
		Release|Any CPU = Release|Any CPU
	EndGlobalSection
	GlobalSection(ProjectConfigurationPlatforms) = postSolution
		{F4DAD436-04E7-40F0-B2C0-F9A000BA2F99}.Debug|Any CPU.ActiveCfg = Debug|Any CPU
		{F4DAD436-04E7-40F0-B2C0-F9A000BA2F99}.Debug|Any CPU.Build.0 = Debug|Any CPU
		{F4DAD436-04E7-40F0-B2C0-F9A000BA2F99}.Release|Any CPU.ActiveCfg = Release|Any CPU
		{F4DAD436-04E7-40F0-B2C0-F9A000BA2F99}.Release|Any CPU.Build.0 = Release|Any CPU
	EndGlobalSection
	GlobalSection(SolutionProperties) = preSolution
		HideSolutionNode = FALSE
	EndGlobalSection
	GlobalSection(ExtensibilityGlobals) = postSolution
		SolutionGuid = {69159C05-781B-4081-9364-C107E956FD13}
	EndGlobalSection
EndGlobal
